
Microsoft Visual Studio Solution File, Format Version 12.00
# Visual Studio Version 17
VisualStudioVersion = 17.1.32319.34
MinimumVisualStudioVersion = 10.0.40219.1
Project("{FAE04EC0-301F-11D3-BF4B-00C04F79EFBC}") = "Odev2", "Odev2.csproj", "{949F7D1D-E6F0-4624-81CB-A6BAC293F8D4}"
EndProject
Global
	GlobalSection(SolutionConfigurationPlatforms) = preSolution
		Debug|Any CPU = Debug|Any CPU
		Release|Any CPU = Release|Any CPU
	EndGlobalSection
	GlobalSection(ProjectConfigurationPlatforms) = postSolution
		{949F7D1D-E6F0-4624-81CB-A6BAC293F8D4}.Debug|Any CPU.ActiveCfg = Debug|Any CPU
		{949F7D1D-E6F0-4624-81CB-A6BAC293F8D4}.Debug|Any CPU.Build.0 = Debug|Any CPU
		{949F7D1D-E6F0-4624-81CB-A6BAC293F8D4}.Release|Any CPU.ActiveCfg = Release|Any CPU
		{949F7D1D-E6F0-4624-81CB-A6BAC293F8D4}.Release|Any CPU.Build.0 = Release|Any CPU
	EndGlobalSection
	GlobalSection(SolutionProperties) = preSolution
		HideSolutionNode = FALSE
	EndGlobalSection
	GlobalSection(ExtensibilityGlobals) = postSolution
		SolutionGuid = {6010E89E-EAF5-442A-86F0-570F7358EB2D}
	EndGlobalSection
EndGlobal
